// !$*UTF8*$!
{
	archiveVersion = 1;
	classes = {
	};
	objectVersion = 46;
	objects = {

/* Begin PBXBuildFile section */
		993EFD701C0A9D2100F0CA84 /* PAVideoHandlerViewController.m in Sources */ = {isa = PBXBuildFile; fileRef = 993EFD6E1C0A9D2100F0CA84 /* PAVideoHandlerViewController.m */; };
		993EFD711C0A9D2100F0CA84 /* PAVideoHandlerViewController.xib in Resources */ = {isa = PBXBuildFile; fileRef = 993EFD6F1C0A9D2100F0CA84 /* PAVideoHandlerViewController.xib */; };
		993EFD761C0A9D2D00F0CA84 /* PAVideoCropHanderView.m in Sources */ = {isa = PBXBuildFile; fileRef = 993EFD731C0A9D2D00F0CA84 /* PAVideoCropHanderView.m */; };
		993EFD771C0A9D2D00F0CA84 /* PAVideoCropView.m in Sources */ = {isa = PBXBuildFile; fileRef = 993EFD751C0A9D2D00F0CA84 /* PAVideoCropView.m */; };
		993EFD801C0A9D7200F0CA84 /* SDAVAssetExportSession.m in Sources */ = {isa = PBXBuildFile; fileRef = 993EFD7B1C0A9D7200F0CA84 /* SDAVAssetExportSession.m */; };
		993EFD811C0A9D7200F0CA84 /* PAVideoRecorder.m in Sources */ = {isa = PBXBuildFile; fileRef = 993EFD7D1C0A9D7200F0CA84 /* PAVideoRecorder.m */; };
		993EFD821C0A9D7200F0CA84 /* PAVideoRecorderHelper.m in Sources */ = {isa = PBXBuildFile; fileRef = 993EFD7F1C0A9D7200F0CA84 /* PAVideoRecorderHelper.m */; };
		993EFD8C1C0A9D9A00F0CA84 /* PAVideoRecorderVC.m in Sources */ = {isa = PBXBuildFile; fileRef = 993EFD881C0A9D9A00F0CA84 /* PAVideoRecorderVC.m */; };
		993EFD8D1C0A9D9A00F0CA84 /* PAVideoRecorderVC.xib in Resources */ = {isa = PBXBuildFile; fileRef = 993EFD891C0A9D9A00F0CA84 /* PAVideoRecorderVC.xib */; };
		993EFD921C0AA05A00F0CA84 /* video_crop_handle_left@3x.png in Resources */ = {isa = PBXBuildFile; fileRef = 993EFD8F1C0AA05A00F0CA84 /* video_crop_handle_left@3x.png */; };
		993EFD931C0AA05A00F0CA84 /* video_crop_handle_right@3x.png in Resources */ = {isa = PBXBuildFile; fileRef = 993EFD901C0AA05A00F0CA84 /* video_crop_handle_right@3x.png */; };
		993EFD941C0AA05A00F0CA84 /* video_localSelected_mask@3x.png in Resources */ = {isa = PBXBuildFile; fileRef = 993EFD911C0AA05A00F0CA84 /* video_localSelected_mask@3x.png */; };
		993EFDA51C0AA06100F0CA84 /* video_camera@2x.png in Resources */ = {isa = PBXBuildFile; fileRef = 993EFD951C0AA06100F0CA84 /* video_camera@2x.png */; };
		993EFDA61C0AA06100F0CA84 /* video_flash@2x.png in Resources */ = {isa = PBXBuildFile; fileRef = 993EFD961C0AA06100F0CA84 /* video_flash@2x.png */; };
		993EFDA71C0AA06100F0CA84 /* video_flash_on@2x.png in Resources */ = {isa = PBXBuildFile; fileRef = 993EFD971C0AA06100F0CA84 /* video_flash_on@2x.png */; };
		993EFDA81C0AA06100F0CA84 /* video_localSelected@3x.png in Resources */ = {isa = PBXBuildFile; fileRef = 993EFD981C0AA06100F0CA84 /* video_localSelected@3x.png */; };
		993EFDA91C0AA06100F0CA84 /* video_finish_disable@2x.png in Resources */ = {isa = PBXBuildFile; fileRef = 993EFD991C0AA06100F0CA84 /* video_finish_disable@2x.png */; };
		993EFDAA1C0AA06100F0CA84 /* video_finish@2x.png in Resources */ = {isa = PBXBuildFile; fileRef = 993EFD9A1C0AA06100F0CA84 /* video_finish@2x.png */; };
		993EFDAB1C0AA06100F0CA84 /* video_close@2x.png in Resources */ = {isa = PBXBuildFile; fileRef = 993EFD9B1C0AA06100F0CA84 /* video_close@2x.png */; };
		993EFDAC1C0AA06100F0CA84 /* video_delete@2x.png in Resources */ = {isa = PBXBuildFile; fileRef = 993EFD9C1C0AA06100F0CA84 /* video_delete@2x.png */; };
		993EFDAD1C0AA06100F0CA84 /* video_delete_disable@2x.png in Resources */ = {isa = PBXBuildFile; fileRef = 993EFD9D1C0AA06100F0CA84 /* video_delete_disable@2x.png */; };
		993EFDAE1C0AA06100F0CA84 /* videoEncodeLoading@2x.png in Resources */ = {isa = PBXBuildFile; fileRef = 993EFD9E1C0AA06100F0CA84 /* videoEncodeLoading@2x.png */; };
		993EFDAF1C0AA06100F0CA84 /* video_pointToBottomArrow@3x.png in Resources */ = {isa = PBXBuildFile; fileRef = 993EFD9F1C0AA06100F0CA84 /* video_pointToBottomArrow@3x.png */; };
		993EFDB01C0AA06100F0CA84 /* video_recorder@2x.png in Resources */ = {isa = PBXBuildFile; fileRef = 993EFDA01C0AA06100F0CA84 /* video_recorder@2x.png */; };
		993EFDB11C0AA06100F0CA84 /* video_pointToTopArrow@3x.png in Resources */ = {isa = PBXBuildFile; fileRef = 993EFDA11C0AA06100F0CA84 /* video_pointToTopArrow@3x.png */; };
		993EFDB21C0AA06100F0CA84 /* video_recorder_shine@2x.png in Resources */ = {isa = PBXBuildFile; fileRef = 993EFDA21C0AA06100F0CA84 /* video_recorder_shine@2x.png */; };
		993EFDB31C0AA06100F0CA84 /* video_play@2x.png in Resources */ = {isa = PBXBuildFile; fileRef = 993EFDA31C0AA06100F0CA84 /* video_play@2x.png */; };
		993EFDB41C0AA06100F0CA84 /* video_recorder_focus@2x.png in Resources */ = {isa = PBXBuildFile; fileRef = 993EFDA41C0AA06100F0CA84 /* video_recorder_focus@2x.png */; };
		993EFDB81C0AA5CB00F0CA84 /* QBImageLoadingProgressBar.m in Sources */ = {isa = PBXBuildFile; fileRef = 993EFDB71C0AA5CB00F0CA84 /* QBImageLoadingProgressBar.m */; };
		993EFDBB1C0AA61400F0CA84 /* TKProgressBarView.m in Sources */ = {isa = PBXBuildFile; fileRef = 993EFDBA1C0AA61400F0CA84 /* TKProgressBarView.m */; };
		9946960A1C07631A00333CC7 /* main.m in Sources */ = {isa = PBXBuildFile; fileRef = 994696091C07631A00333CC7 /* main.m */; };
		9946960D1C07631A00333CC7 /* AppDelegate.m in Sources */ = {isa = PBXBuildFile; fileRef = 9946960C1C07631A00333CC7 /* AppDelegate.m */; };
		994696101C07631A00333CC7 /* ViewController.m in Sources */ = {isa = PBXBuildFile; fileRef = 9946960F1C07631A00333CC7 /* ViewController.m */; };
		994696131C07631A00333CC7 /* Main.storyboard in Resources */ = {isa = PBXBuildFile; fileRef = 994696111C07631A00333CC7 /* Main.storyboard */; };
		994696151C07631A00333CC7 /* Assets.xcassets in Resources */ = {isa = PBXBuildFile; fileRef = 994696141C07631A00333CC7 /* Assets.xcassets */; };
		994696181C07631A00333CC7 /* LaunchScreen.storyboard in Resources */ = {isa = PBXBuildFile; fileRef = 994696161C07631A00333CC7 /* LaunchScreen.storyboard */; };
		994696231C07631A00333CC7 /* PAPhotoBrowerTests.m in Sources */ = {isa = PBXBuildFile; fileRef = 994696221C07631A00333CC7 /* PAPhotoBrowerTests.m */; };
		9946962E1C07631A00333CC7 /* PAPhotoBrowerUITests.m in Sources */ = {isa = PBXBuildFile; fileRef = 9946962D1C07631A00333CC7 /* PAPhotoBrowerUITests.m */; };
		994696441C07E5C700333CC7 /* PAImagePickerController.m in Sources */ = {isa = PBXBuildFile; fileRef = 994696411C07E5C700333CC7 /* PAImagePickerController.m */; };
		994696451C07E5C700333CC7 /* PAImagePickerGroupController.m in Sources */ = {isa = PBXBuildFile; fileRef = 994696431C07E5C700333CC7 /* PAImagePickerGroupController.m */; };
		994696481C07E5CF00333CC7 /* PAImagePickerPreviewViewController.m in Sources */ = {isa = PBXBuildFile; fileRef = 994696471C07E5CF00333CC7 /* PAImagePickerPreviewViewController.m */; };
		9946964B1C07E5E700333CC7 /* PAImagePickerPreviewCell.m in Sources */ = {isa = PBXBuildFile; fileRef = 9946964A1C07E5E700333CC7 /* PAImagePickerPreviewCell.m */; };
		994696501C07E5F300333CC7 /* PAImagePickerCell.m in Sources */ = {isa = PBXBuildFile; fileRef = 9946964D1C07E5F300333CC7 /* PAImagePickerCell.m */; };
		994696511C07E5F300333CC7 /* PAImagePickerTakePhotoCell.m in Sources */ = {isa = PBXBuildFile; fileRef = 9946964F1C07E5F300333CC7 /* PAImagePickerTakePhotoCell.m */; };
		9946965C1C07EAE100333CC7 /* photo_localSelected_tag@3x.png in Resources */ = {isa = PBXBuildFile; fileRef = 9946965A1C07EAE100333CC7 /* photo_localSelected_tag@3x.png */; };
		9946965D1C07EAE100333CC7 /* photo_localSelected_camera@3x.png in Resources */ = {isa = PBXBuildFile; fileRef = 9946965B1C07EAE100333CC7 /* photo_localSelected_camera@3x.png */; };
		9946965F1C07EAF300333CC7 /* photo_localUnselected_tag@3x.png in Resources */ = {isa = PBXBuildFile; fileRef = 9946965E1C07EAF300333CC7 /* photo_localUnselected_tag@3x.png */; };
		994696611C07EB1D00333CC7 /* icon_back@3x.png in Resources */ = {isa = PBXBuildFile; fileRef = 994696601C07EB1D00333CC7 /* icon_back@3x.png */; };
		994696691C07ECD700333CC7 /* Photos.framework in Frameworks */ = {isa = PBXBuildFile; fileRef = 994696681C07ECD700333CC7 /* Photos.framework */; };
		9946966B1C07ECDE00333CC7 /* AVFoundation.framework in Frameworks */ = {isa = PBXBuildFile; fileRef = 9946966A1C07ECDE00333CC7 /* AVFoundation.framework */; };
		994696701C082DE800333CC7 /* PAPhotoBrowserHelper.m in Sources */ = {isa = PBXBuildFile; fileRef = 9946966F1C082DE800333CC7 /* PAPhotoBrowserHelper.m */; };
		9960B8261C0C889000BCE1B0 /* video_switch@3x.png in Resources */ = {isa = PBXBuildFile; fileRef = 9960B8251C0C889000BCE1B0 /* video_switch@3x.png */; };
		BCD5D085FBB2A28D8FC1A0F2 /* libPods.a in Frameworks */ = {isa = PBXBuildFile; fileRef = 0FBF5999C5E93E9DD5CFEEDB /* libPods.a */; };
		DA4D619F1C3A552800AD97EC /* PAActionSheet.m in Sources */ = {isa = PBXBuildFile; fileRef = DA4D619A1C3A552700AD97EC /* PAActionSheet.m */; settings = {ASSET_TAGS = (); }; };
		DA4D61A01C3A552800AD97EC /* PAFetchImges.m in Sources */ = {isa = PBXBuildFile; fileRef = DA4D619C1C3A552800AD97EC /* PAFetchImges.m */; settings = {ASSET_TAGS = (); }; };
		DA4D61A11C3A552800AD97EC /* PAPreviewImageCollectionViewCell.m in Sources */ = {isa = PBXBuildFile; fileRef = DA4D619E1C3A552800AD97EC /* PAPreviewImageCollectionViewCell.m */; settings = {ASSET_TAGS = (); }; };
		FC4EB6DC1C18278700A81B01 /* PATapImageView.m in Sources */ = {isa = PBXBuildFile; fileRef = FC4EB6DB1C18278700A81B01 /* PATapImageView.m */; };
		FC4EB6DF1C18283200A81B01 /* PATapView.m in Sources */ = {isa = PBXBuildFile; fileRef = FC4EB6DE1C18283200A81B01 /* PATapView.m */; };
		FC4EB6E21C1828A600A81B01 /* PAZoomingScrollView.m in Sources */ = {isa = PBXBuildFile; fileRef = FC4EB6E11C1828A600A81B01 /* PAZoomingScrollView.m */; };
/* End PBXBuildFile section */

/* Begin PBXContainerItemProxy section */
		9946961F1C07631A00333CC7 /* PBXContainerItemProxy */ = {
			isa = PBXContainerItemProxy;
			containerPortal = 994695FD1C07631A00333CC7 /* Project object */;
			proxyType = 1;
			remoteGlobalIDString = 994696041C07631A00333CC7;
			remoteInfo = PAPhotoBrower;
		};
		9946962A1C07631A00333CC7 /* PBXContainerItemProxy */ = {
			isa = PBXContainerItemProxy;
			containerPortal = 994695FD1C07631A00333CC7 /* Project object */;
			proxyType = 1;
			remoteGlobalIDString = 994696041C07631A00333CC7;
			remoteInfo = PAPhotoBrower;
		};
/* End PBXContainerItemProxy section */

/* Begin PBXFileReference section */
		08C4DFE3A7E5CFBFC496D9E5 /* Pods.debug.xcconfig */ = {isa = PBXFileReference; includeInIndex = 1; lastKnownFileType = text.xcconfig; name = Pods.debug.xcconfig; path = "Pods/Target Support Files/Pods/Pods.debug.xcconfig"; sourceTree = "<group>"; };
		0FBF5999C5E93E9DD5CFEEDB /* libPods.a */ = {isa = PBXFileReference; explicitFileType = archive.ar; includeInIndex = 0; path = libPods.a; sourceTree = BUILT_PRODUCTS_DIR; };
		993EFD6D1C0A9D2100F0CA84 /* PAVideoHandlerViewController.h */ = {isa = PBXFileReference; fileEncoding = 4; lastKnownFileType = sourcecode.c.h; path = PAVideoHandlerViewController.h; sourceTree = "<group>"; };
		993EFD6E1C0A9D2100F0CA84 /* PAVideoHandlerViewController.m */ = {isa = PBXFileReference; fileEncoding = 4; lastKnownFileType = sourcecode.c.objc; path = PAVideoHandlerViewController.m; sourceTree = "<group>"; };
		993EFD6F1C0A9D2100F0CA84 /* PAVideoHandlerViewController.xib */ = {isa = PBXFileReference; fileEncoding = 4; lastKnownFileType = file.xib; path = PAVideoHandlerViewController.xib; sourceTree = "<group>"; };
		993EFD721C0A9D2D00F0CA84 /* PAVideoCropHanderView.h */ = {isa = PBXFileReference; fileEncoding = 4; lastKnownFileType = sourcecode.c.h; path = PAVideoCropHanderView.h; sourceTree = "<group>"; };
		993EFD731C0A9D2D00F0CA84 /* PAVideoCropHanderView.m */ = {isa = PBXFileReference; fileEncoding = 4; lastKnownFileType = sourcecode.c.objc; path = PAVideoCropHanderView.m; sourceTree = "<group>"; };
		993EFD741C0A9D2D00F0CA84 /* PAVideoCropView.h */ = {isa = PBXFileReference; fileEncoding = 4; lastKnownFileType = sourcecode.c.h; path = PAVideoCropView.h; sourceTree = "<group>"; };
		993EFD751C0A9D2D00F0CA84 /* PAVideoCropView.m */ = {isa = PBXFileReference; fileEncoding = 4; lastKnownFileType = sourcecode.c.objc; path = PAVideoCropView.m; sourceTree = "<group>"; };
		993EFD7A1C0A9D7200F0CA84 /* SDAVAssetExportSession.h */ = {isa = PBXFileReference; fileEncoding = 4; lastKnownFileType = sourcecode.c.h; path = SDAVAssetExportSession.h; sourceTree = "<group>"; };
		993EFD7B1C0A9D7200F0CA84 /* SDAVAssetExportSession.m */ = {isa = PBXFileReference; fileEncoding = 4; lastKnownFileType = sourcecode.c.objc; path = SDAVAssetExportSession.m; sourceTree = "<group>"; };
		993EFD7C1C0A9D7200F0CA84 /* PAVideoRecorder.h */ = {isa = PBXFileReference; fileEncoding = 4; lastKnownFileType = sourcecode.c.h; path = PAVideoRecorder.h; sourceTree = "<group>"; };
		993EFD7D1C0A9D7200F0CA84 /* PAVideoRecorder.m */ = {isa = PBXFileReference; fileEncoding = 4; lastKnownFileType = sourcecode.c.objc; path = PAVideoRecorder.m; sourceTree = "<group>"; };
		993EFD7E1C0A9D7200F0CA84 /* PAVideoRecorderHelper.h */ = {isa = PBXFileReference; fileEncoding = 4; lastKnownFileType = sourcecode.c.h; path = PAVideoRecorderHelper.h; sourceTree = "<group>"; };
		993EFD7F1C0A9D7200F0CA84 /* PAVideoRecorderHelper.m */ = {isa = PBXFileReference; fileEncoding = 4; lastKnownFileType = sourcecode.c.objc; path = PAVideoRecorderHelper.m; sourceTree = "<group>"; };
		993EFD871C0A9D9A00F0CA84 /* PAVideoRecorderVC.h */ = {isa = PBXFileReference; fileEncoding = 4; lastKnownFileType = sourcecode.c.h; path = PAVideoRecorderVC.h; sourceTree = "<group>"; };
		993EFD881C0A9D9A00F0CA84 /* PAVideoRecorderVC.m */ = {isa = PBXFileReference; fileEncoding = 4; lastKnownFileType = sourcecode.c.objc; path = PAVideoRecorderVC.m; sourceTree = "<group>"; };
		993EFD891C0A9D9A00F0CA84 /* PAVideoRecorderVC.xib */ = {isa = PBXFileReference; fileEncoding = 4; lastKnownFileType = file.xib; path = PAVideoRecorderVC.xib; sourceTree = "<group>"; };
		993EFD8F1C0AA05A00F0CA84 /* video_crop_handle_left@3x.png */ = {isa = PBXFileReference; lastKnownFileType = image.png; path = "video_crop_handle_left@3x.png"; sourceTree = "<group>"; };
		993EFD901C0AA05A00F0CA84 /* video_crop_handle_right@3x.png */ = {isa = PBXFileReference; lastKnownFileType = image.png; path = "video_crop_handle_right@3x.png"; sourceTree = "<group>"; };
		993EFD911C0AA05A00F0CA84 /* video_localSelected_mask@3x.png */ = {isa = PBXFileReference; lastKnownFileType = image.png; path = "video_localSelected_mask@3x.png"; sourceTree = "<group>"; };
		993EFD951C0AA06100F0CA84 /* video_camera@2x.png */ = {isa = PBXFileReference; lastKnownFileType = image.png; path = "video_camera@2x.png"; sourceTree = "<group>"; };
		993EFD961C0AA06100F0CA84 /* video_flash@2x.png */ = {isa = PBXFileReference; lastKnownFileType = image.png; path = "video_flash@2x.png"; sourceTree = "<group>"; };
		993EFD971C0AA06100F0CA84 /* video_flash_on@2x.png */ = {isa = PBXFileReference; lastKnownFileType = image.png; path = "video_flash_on@2x.png"; sourceTree = "<group>"; };
		993EFD981C0AA06100F0CA84 /* video_localSelected@3x.png */ = {isa = PBXFileReference; lastKnownFileType = image.png; path = "video_localSelected@3x.png"; sourceTree = "<group>"; };
		993EFD991C0AA06100F0CA84 /* video_finish_disable@2x.png */ = {isa = PBXFileReference; lastKnownFileType = image.png; path = "video_finish_disable@2x.png"; sourceTree = "<group>"; };
		993EFD9A1C0AA06100F0CA84 /* video_finish@2x.png */ = {isa = PBXFileReference; lastKnownFileType = image.png; path = "video_finish@2x.png"; sourceTree = "<group>"; };
		993EFD9B1C0AA06100F0CA84 /* video_close@2x.png */ = {isa = PBXFileReference; lastKnownFileType = image.png; path = "video_close@2x.png"; sourceTree = "<group>"; };
		993EFD9C1C0AA06100F0CA84 /* video_delete@2x.png */ = {isa = PBXFileReference; lastKnownFileType = image.png; path = "video_delete@2x.png"; sourceTree = "<group>"; };
		993EFD9D1C0AA06100F0CA84 /* video_delete_disable@2x.png */ = {isa = PBXFileReference; lastKnownFileType = image.png; path = "video_delete_disable@2x.png"; sourceTree = "<group>"; };
		993EFD9E1C0AA06100F0CA84 /* videoEncodeLoading@2x.png */ = {isa = PBXFileReference; lastKnownFileType = image.png; path = "videoEncodeLoading@2x.png"; sourceTree = "<group>"; };
		993EFD9F1C0AA06100F0CA84 /* video_pointToBottomArrow@3x.png */ = {isa = PBXFileReference; lastKnownFileType = image.png; path = "video_pointToBottomArrow@3x.png"; sourceTree = "<group>"; };
		993EFDA01C0AA06100F0CA84 /* video_recorder@2x.png */ = {isa = PBXFileReference; lastKnownFileType = image.png; path = "video_recorder@2x.png"; sourceTree = "<group>"; };
		993EFDA11C0AA06100F0CA84 /* video_pointToTopArrow@3x.png */ = {isa = PBXFileReference; lastKnownFileType = image.png; path = "video_pointToTopArrow@3x.png"; sourceTree = "<group>"; };
		993EFDA21C0AA06100F0CA84 /* video_recorder_shine@2x.png */ = {isa = PBXFileReference; lastKnownFileType = image.png; path = "video_recorder_shine@2x.png"; sourceTree = "<group>"; };
		993EFDA31C0AA06100F0CA84 /* video_play@2x.png */ = {isa = PBXFileReference; lastKnownFileType = image.png; path = "video_play@2x.png"; sourceTree = "<group>"; };
		993EFDA41C0AA06100F0CA84 /* video_recorder_focus@2x.png */ = {isa = PBXFileReference; lastKnownFileType = image.png; path = "video_recorder_focus@2x.png"; sourceTree = "<group>"; };
		993EFDB61C0AA5CB00F0CA84 /* QBImageLoadingProgressBar.h */ = {isa = PBXFileReference; fileEncoding = 4; lastKnownFileType = sourcecode.c.h; path = QBImageLoadingProgressBar.h; sourceTree = "<group>"; };
		993EFDB71C0AA5CB00F0CA84 /* QBImageLoadingProgressBar.m */ = {isa = PBXFileReference; fileEncoding = 4; lastKnownFileType = sourcecode.c.objc; path = QBImageLoadingProgressBar.m; sourceTree = "<group>"; };
		993EFDB91C0AA61400F0CA84 /* TKProgressBarView.h */ = {isa = PBXFileReference; fileEncoding = 4; lastKnownFileType = sourcecode.c.h; path = TKProgressBarView.h; sourceTree = "<group>"; };
		993EFDBA1C0AA61400F0CA84 /* TKProgressBarView.m */ = {isa = PBXFileReference; fileEncoding = 4; lastKnownFileType = sourcecode.c.objc; path = TKProgressBarView.m; sourceTree = "<group>"; };
		994696051C07631A00333CC7 /* PAPhotoBrower.app */ = {isa = PBXFileReference; explicitFileType = wrapper.application; includeInIndex = 0; path = PAPhotoBrower.app; sourceTree = BUILT_PRODUCTS_DIR; };
		994696091C07631A00333CC7 /* main.m */ = {isa = PBXFileReference; lastKnownFileType = sourcecode.c.objc; path = main.m; sourceTree = "<group>"; };
		9946960B1C07631A00333CC7 /* AppDelegate.h */ = {isa = PBXFileReference; lastKnownFileType = sourcecode.c.h; path = AppDelegate.h; sourceTree = "<group>"; };
		9946960C1C07631A00333CC7 /* AppDelegate.m */ = {isa = PBXFileReference; lastKnownFileType = sourcecode.c.objc; path = AppDelegate.m; sourceTree = "<group>"; };
		9946960E1C07631A00333CC7 /* ViewController.h */ = {isa = PBXFileReference; lastKnownFileType = sourcecode.c.h; path = ViewController.h; sourceTree = "<group>"; };
		9946960F1C07631A00333CC7 /* ViewController.m */ = {isa = PBXFileReference; lastKnownFileType = sourcecode.c.objc; path = ViewController.m; sourceTree = "<group>"; };
		994696121C07631A00333CC7 /* Base */ = {isa = PBXFileReference; lastKnownFileType = file.storyboard; name = Base; path = Base.lproj/Main.storyboard; sourceTree = "<group>"; };
		994696141C07631A00333CC7 /* Assets.xcassets */ = {isa = PBXFileReference; lastKnownFileType = folder.assetcatalog; path = Assets.xcassets; sourceTree = "<group>"; };
		994696171C07631A00333CC7 /* Base */ = {isa = PBXFileReference; lastKnownFileType = file.storyboard; name = Base; path = Base.lproj/LaunchScreen.storyboard; sourceTree = "<group>"; };
		994696191C07631A00333CC7 /* Info.plist */ = {isa = PBXFileReference; lastKnownFileType = text.plist.xml; path = Info.plist; sourceTree = "<group>"; };
		9946961E1C07631A00333CC7 /* PAPhotoBrowerTests.xctest */ = {isa = PBXFileReference; explicitFileType = wrapper.cfbundle; includeInIndex = 0; path = PAPhotoBrowerTests.xctest; sourceTree = BUILT_PRODUCTS_DIR; };
		994696221C07631A00333CC7 /* PAPhotoBrowerTests.m */ = {isa = PBXFileReference; lastKnownFileType = sourcecode.c.objc; path = PAPhotoBrowerTests.m; sourceTree = "<group>"; };
		994696241C07631A00333CC7 /* Info.plist */ = {isa = PBXFileReference; lastKnownFileType = text.plist.xml; path = Info.plist; sourceTree = "<group>"; };
		994696291C07631A00333CC7 /* PAPhotoBrowerUITests.xctest */ = {isa = PBXFileReference; explicitFileType = wrapper.cfbundle; includeInIndex = 0; path = PAPhotoBrowerUITests.xctest; sourceTree = BUILT_PRODUCTS_DIR; };
		9946962D1C07631A00333CC7 /* PAPhotoBrowerUITests.m */ = {isa = PBXFileReference; lastKnownFileType = sourcecode.c.objc; path = PAPhotoBrowerUITests.m; sourceTree = "<group>"; };
		9946962F1C07631A00333CC7 /* Info.plist */ = {isa = PBXFileReference; lastKnownFileType = text.plist.xml; path = Info.plist; sourceTree = "<group>"; };
		994696401C07E5C700333CC7 /* PAImagePickerController.h */ = {isa = PBXFileReference; fileEncoding = 4; lastKnownFileType = sourcecode.c.h; path = PAImagePickerController.h; sourceTree = "<group>"; };
		994696411C07E5C700333CC7 /* PAImagePickerController.m */ = {isa = PBXFileReference; fileEncoding = 4; lastKnownFileType = sourcecode.c.objc; path = PAImagePickerController.m; sourceTree = "<group>"; };
		994696421C07E5C700333CC7 /* PAImagePickerGroupController.h */ = {isa = PBXFileReference; fileEncoding = 4; lastKnownFileType = sourcecode.c.h; path = PAImagePickerGroupController.h; sourceTree = "<group>"; };
		994696431C07E5C700333CC7 /* PAImagePickerGroupController.m */ = {isa = PBXFileReference; fileEncoding = 4; lastKnownFileType = sourcecode.c.objc; path = PAImagePickerGroupController.m; sourceTree = "<group>"; };
		994696461C07E5CF00333CC7 /* PAImagePickerPreviewViewController.h */ = {isa = PBXFileReference; fileEncoding = 4; lastKnownFileType = sourcecode.c.h; path = PAImagePickerPreviewViewController.h; sourceTree = "<group>"; };
		994696471C07E5CF00333CC7 /* PAImagePickerPreviewViewController.m */ = {isa = PBXFileReference; fileEncoding = 4; lastKnownFileType = sourcecode.c.objc; path = PAImagePickerPreviewViewController.m; sourceTree = "<group>"; };
		994696491C07E5E700333CC7 /* PAImagePickerPreviewCell.h */ = {isa = PBXFileReference; fileEncoding = 4; lastKnownFileType = sourcecode.c.h; path = PAImagePickerPreviewCell.h; sourceTree = "<group>"; };
		9946964A1C07E5E700333CC7 /* PAImagePickerPreviewCell.m */ = {isa = PBXFileReference; fileEncoding = 4; lastKnownFileType = sourcecode.c.objc; path = PAImagePickerPreviewCell.m; sourceTree = "<group>"; };
		9946964C1C07E5F300333CC7 /* PAImagePickerCell.h */ = {isa = PBXFileReference; fileEncoding = 4; lastKnownFileType = sourcecode.c.h; path = PAImagePickerCell.h; sourceTree = "<group>"; };
		9946964D1C07E5F300333CC7 /* PAImagePickerCell.m */ = {isa = PBXFileReference; fileEncoding = 4; lastKnownFileType = sourcecode.c.objc; path = PAImagePickerCell.m; sourceTree = "<group>"; };
		9946964E1C07E5F300333CC7 /* PAImagePickerTakePhotoCell.h */ = {isa = PBXFileReference; fileEncoding = 4; lastKnownFileType = sourcecode.c.h; path = PAImagePickerTakePhotoCell.h; sourceTree = "<group>"; };
		9946964F1C07E5F300333CC7 /* PAImagePickerTakePhotoCell.m */ = {isa = PBXFileReference; fileEncoding = 4; lastKnownFileType = sourcecode.c.objc; path = PAImagePickerTakePhotoCell.m; sourceTree = "<group>"; };
		9946965A1C07EAE100333CC7 /* photo_localSelected_tag@3x.png */ = {isa = PBXFileReference; lastKnownFileType = image.png; path = "photo_localSelected_tag@3x.png"; sourceTree = "<group>"; };
		9946965B1C07EAE100333CC7 /* photo_localSelected_camera@3x.png */ = {isa = PBXFileReference; lastKnownFileType = image.png; path = "photo_localSelected_camera@3x.png"; sourceTree = "<group>"; };
		9946965E1C07EAF300333CC7 /* photo_localUnselected_tag@3x.png */ = {isa = PBXFileReference; lastKnownFileType = image.png; path = "photo_localUnselected_tag@3x.png"; sourceTree = "<group>"; };
		994696601C07EB1D00333CC7 /* icon_back@3x.png */ = {isa = PBXFileReference; lastKnownFileType = image.png; path = "icon_back@3x.png"; sourceTree = "<group>"; };
		994696681C07ECD700333CC7 /* Photos.framework */ = {isa = PBXFileReference; lastKnownFileType = wrapper.framework; name = Photos.framework; path = System/Library/Frameworks/Photos.framework; sourceTree = SDKROOT; };
		9946966A1C07ECDE00333CC7 /* AVFoundation.framework */ = {isa = PBXFileReference; lastKnownFileType = wrapper.framework; name = AVFoundation.framework; path = System/Library/Frameworks/AVFoundation.framework; sourceTree = SDKROOT; };
		9946966E1C082DE800333CC7 /* PAPhotoBrowserHelper.h */ = {isa = PBXFileReference; fileEncoding = 4; lastKnownFileType = sourcecode.c.h; path = PAPhotoBrowserHelper.h; sourceTree = "<group>"; };
		9946966F1C082DE800333CC7 /* PAPhotoBrowserHelper.m */ = {isa = PBXFileReference; fileEncoding = 4; lastKnownFileType = sourcecode.c.objc; path = PAPhotoBrowserHelper.m; sourceTree = "<group>"; };
		9960B8251C0C889000BCE1B0 /* video_switch@3x.png */ = {isa = PBXFileReference; lastKnownFileType = image.png; path = "video_switch@3x.png"; sourceTree = "<group>"; };
		AFC74990D486F9047C6234E4 /* Pods.release.xcconfig */ = {isa = PBXFileReference; includeInIndex = 1; lastKnownFileType = text.xcconfig; name = Pods.release.xcconfig; path = "Pods/Target Support Files/Pods/Pods.release.xcconfig"; sourceTree = "<group>"; };
		DA4D61991C3A552700AD97EC /* PAActionSheet.h */ = {isa = PBXFileReference; fileEncoding = 4; lastKnownFileType = sourcecode.c.h; path = PAActionSheet.h; sourceTree = "<group>"; };
		DA4D619A1C3A552700AD97EC /* PAActionSheet.m */ = {isa = PBXFileReference; fileEncoding = 4; lastKnownFileType = sourcecode.c.objc; path = PAActionSheet.m; sourceTree = "<group>"; };
		DA4D619B1C3A552800AD97EC /* PAFetchImges.h */ = {isa = PBXFileReference; fileEncoding = 4; lastKnownFileType = sourcecode.c.h; path = PAFetchImges.h; sourceTree = "<group>"; };
		DA4D619C1C3A552800AD97EC /* PAFetchImges.m */ = {isa = PBXFileReference; fileEncoding = 4; lastKnownFileType = sourcecode.c.objc; path = PAFetchImges.m; sourceTree = "<group>"; };
		DA4D619D1C3A552800AD97EC /* PAPreviewImageCollectionViewCell.h */ = {isa = PBXFileReference; fileEncoding = 4; lastKnownFileType = sourcecode.c.h; path = PAPreviewImageCollectionViewCell.h; sourceTree = "<group>"; };
		DA4D619E1C3A552800AD97EC /* PAPreviewImageCollectionViewCell.m */ = {isa = PBXFileReference; fileEncoding = 4; lastKnownFileType = sourcecode.c.objc; path = PAPreviewImageCollectionViewCell.m; sourceTree = "<group>"; };
		FC4EB6DA1C18278700A81B01 /* PATapImageView.h */ = {isa = PBXFileReference; fileEncoding = 4; lastKnownFileType = sourcecode.c.h; path = PATapImageView.h; sourceTree = "<group>"; };
		FC4EB6DB1C18278700A81B01 /* PATapImageView.m */ = {isa = PBXFileReference; fileEncoding = 4; lastKnownFileType = sourcecode.c.objc; path = PATapImageView.m; sourceTree = "<group>"; };
		FC4EB6DD1C18283200A81B01 /* PATapView.h */ = {isa = PBXFileReference; fileEncoding = 4; lastKnownFileType = sourcecode.c.h; path = PATapView.h; sourceTree = "<group>"; };
		FC4EB6DE1C18283200A81B01 /* PATapView.m */ = {isa = PBXFileReference; fileEncoding = 4; lastKnownFileType = sourcecode.c.objc; path = PATapView.m; sourceTree = "<group>"; };
		FC4EB6E01C1828A600A81B01 /* PAZoomingScrollView.h */ = {isa = PBXFileReference; fileEncoding = 4; lastKnownFileType = sourcecode.c.h; path = PAZoomingScrollView.h; sourceTree = "<group>"; };
		FC4EB6E11C1828A600A81B01 /* PAZoomingScrollView.m */ = {isa = PBXFileReference; fileEncoding = 4; lastKnownFileType = sourcecode.c.objc; path = PAZoomingScrollView.m; sourceTree = "<group>"; };
/* End PBXFileReference section */

/* Begin PBXFrameworksBuildPhase section */
		994696021C07631A00333CC7 /* Frameworks */ = {
			isa = PBXFrameworksBuildPhase;
			buildActionMask = 2147483647;
			files = (
				9946966B1C07ECDE00333CC7 /* AVFoundation.framework in Frameworks */,
				994696691C07ECD700333CC7 /* Photos.framework in Frameworks */,
				BCD5D085FBB2A28D8FC1A0F2 /* libPods.a in Frameworks */,
			);
			runOnlyForDeploymentPostprocessing = 0;
		};
		9946961B1C07631A00333CC7 /* Frameworks */ = {
			isa = PBXFrameworksBuildPhase;
			buildActionMask = 2147483647;
			files = (
			);
			runOnlyForDeploymentPostprocessing = 0;
		};
		994696261C07631A00333CC7 /* Frameworks */ = {
			isa = PBXFrameworksBuildPhase;
			buildActionMask = 2147483647;
			files = (
			);
			runOnlyForDeploymentPostprocessing = 0;
		};
/* End PBXFrameworksBuildPhase section */

/* Begin PBXGroup section */
		993EFD671C0A9C6900F0CA84 /* PAVideoRecorder */ = {
			isa = PBXGroup;
			children = (
				993EFD681C0A9CD400F0CA84 /* Feature */,
				993EFD781C0A9D5000F0CA84 /* ViewController */,
				993EFD791C0A9D6100F0CA84 /* Helper */,
				993EFD8E1C0A9F1800F0CA84 /* Resource */,
			);
			name = PAVideoRecorder;
			sourceTree = "<group>";
		};
		993EFD681C0A9CD400F0CA84 /* Feature */ = {
			isa = PBXGroup;
			children = (
				993EFD691C0A9CE300F0CA84 /* PAVideoEditHandler */,
			);
			name = Feature;
			sourceTree = "<group>";
		};
		993EFD691C0A9CE300F0CA84 /* PAVideoEditHandler */ = {
			isa = PBXGroup;
			children = (
				993EFD6A1C0A9CF900F0CA84 /* ViewController */,
				993EFD6B1C0A9D0400F0CA84 /* View */,
			);
			name = PAVideoEditHandler;
			sourceTree = "<group>";
		};
		993EFD6A1C0A9CF900F0CA84 /* ViewController */ = {
			isa = PBXGroup;
			children = (
				993EFD6D1C0A9D2100F0CA84 /* PAVideoHandlerViewController.h */,
				993EFD6E1C0A9D2100F0CA84 /* PAVideoHandlerViewController.m */,
				993EFD6F1C0A9D2100F0CA84 /* PAVideoHandlerViewController.xib */,
			);
			name = ViewController;
			sourceTree = "<group>";
		};
		993EFD6B1C0A9D0400F0CA84 /* View */ = {
			isa = PBXGroup;
			children = (
				993EFD721C0A9D2D00F0CA84 /* PAVideoCropHanderView.h */,
				993EFD731C0A9D2D00F0CA84 /* PAVideoCropHanderView.m */,
				993EFD741C0A9D2D00F0CA84 /* PAVideoCropView.h */,
				993EFD751C0A9D2D00F0CA84 /* PAVideoCropView.m */,
			);
			name = View;
			sourceTree = "<group>";
		};
		993EFD781C0A9D5000F0CA84 /* ViewController */ = {
			isa = PBXGroup;
			children = (
				993EFD871C0A9D9A00F0CA84 /* PAVideoRecorderVC.h */,
				993EFD881C0A9D9A00F0CA84 /* PAVideoRecorderVC.m */,
				993EFD891C0A9D9A00F0CA84 /* PAVideoRecorderVC.xib */,
			);
			name = ViewController;
			sourceTree = "<group>";
		};
		993EFD791C0A9D6100F0CA84 /* Helper */ = {
			isa = PBXGroup;
			children = (
				993EFDB91C0AA61400F0CA84 /* TKProgressBarView.h */,
				993EFDBA1C0AA61400F0CA84 /* TKProgressBarView.m */,
				993EFDB61C0AA5CB00F0CA84 /* QBImageLoadingProgressBar.h */,
				993EFDB71C0AA5CB00F0CA84 /* QBImageLoadingProgressBar.m */,
				993EFD7A1C0A9D7200F0CA84 /* SDAVAssetExportSession.h */,
				993EFD7B1C0A9D7200F0CA84 /* SDAVAssetExportSession.m */,
				993EFD7C1C0A9D7200F0CA84 /* PAVideoRecorder.h */,
				993EFD7D1C0A9D7200F0CA84 /* PAVideoRecorder.m */,
				993EFD7E1C0A9D7200F0CA84 /* PAVideoRecorderHelper.h */,
				993EFD7F1C0A9D7200F0CA84 /* PAVideoRecorderHelper.m */,
			);
			name = Helper;
			sourceTree = "<group>";
		};
		993EFD8E1C0A9F1800F0CA84 /* Resource */ = {
			isa = PBXGroup;
			children = (
				993EFD8F1C0AA05A00F0CA84 /* video_crop_handle_left@3x.png */,
				993EFD901C0AA05A00F0CA84 /* video_crop_handle_right@3x.png */,
				993EFD911C0AA05A00F0CA84 /* video_localSelected_mask@3x.png */,
				993EFD951C0AA06100F0CA84 /* video_camera@2x.png */,
				993EFD961C0AA06100F0CA84 /* video_flash@2x.png */,
				993EFD971C0AA06100F0CA84 /* video_flash_on@2x.png */,
				993EFD981C0AA06100F0CA84 /* video_localSelected@3x.png */,
				9960B8251C0C889000BCE1B0 /* video_switch@3x.png */,
				993EFD991C0AA06100F0CA84 /* video_finish_disable@2x.png */,
				993EFD9A1C0AA06100F0CA84 /* video_finish@2x.png */,
				993EFD9B1C0AA06100F0CA84 /* video_close@2x.png */,
				993EFD9C1C0AA06100F0CA84 /* video_delete@2x.png */,
				993EFD9D1C0AA06100F0CA84 /* video_delete_disable@2x.png */,
				993EFD9E1C0AA06100F0CA84 /* videoEncodeLoading@2x.png */,
				993EFD9F1C0AA06100F0CA84 /* video_pointToBottomArrow@3x.png */,
				993EFDA01C0AA06100F0CA84 /* video_recorder@2x.png */,
				993EFDA11C0AA06100F0CA84 /* video_pointToTopArrow@3x.png */,
				993EFDA21C0AA06100F0CA84 /* video_recorder_shine@2x.png */,
				993EFDA31C0AA06100F0CA84 /* video_play@2x.png */,
				993EFDA41C0AA06100F0CA84 /* video_recorder_focus@2x.png */,
			);
			name = Resource;
			sourceTree = "<group>";
		};
		994695FC1C07631A00333CC7 = {
			isa = PBXGroup;
			children = (
				994696071C07631A00333CC7 /* PAPhotoBrower */,
				9946966D1C07ECF500333CC7 /* Frameworks */,
				994696211C07631A00333CC7 /* PAPhotoBrowerTests */,
				9946962C1C07631A00333CC7 /* PAPhotoBrowerUITests */,
				994696061C07631A00333CC7 /* Products */,
				F1F1FA3155D2F8BBE4C85B24 /* Pods */,
			);
			sourceTree = "<group>";
		};
		994696061C07631A00333CC7 /* Products */ = {
			isa = PBXGroup;
			children = (
				994696051C07631A00333CC7 /* PAPhotoBrower.app */,
				9946961E1C07631A00333CC7 /* PAPhotoBrowerTests.xctest */,
				994696291C07631A00333CC7 /* PAPhotoBrowerUITests.xctest */,
			);
			name = Products;
			sourceTree = "<group>";
		};
		994696071C07631A00333CC7 /* PAPhotoBrower */ = {
			isa = PBXGroup;
			children = (
				994696631C07EBF700333CC7 /* Demo */,
				993EFD671C0A9C6900F0CA84 /* PAVideoRecorder */,
				9946963C1C07E58A00333CC7 /* PAPhotoBrowser */,
			);
			path = PAPhotoBrower;
			sourceTree = "<group>";
		};
		994696081C07631A00333CC7 /* Supporting Files */ = {
			isa = PBXGroup;
			children = (
				994696091C07631A00333CC7 /* main.m */,
			);
			name = "Supporting Files";
			sourceTree = "<group>";
		};
		994696211C07631A00333CC7 /* PAPhotoBrowerTests */ = {
			isa = PBXGroup;
			children = (
				994696221C07631A00333CC7 /* PAPhotoBrowerTests.m */,
				994696241C07631A00333CC7 /* Info.plist */,
			);
			path = PAPhotoBrowerTests;
			sourceTree = "<group>";
		};
		9946962C1C07631A00333CC7 /* PAPhotoBrowerUITests */ = {
			isa = PBXGroup;
			children = (
				9946962D1C07631A00333CC7 /* PAPhotoBrowerUITests.m */,
				9946962F1C07631A00333CC7 /* Info.plist */,
			);
			path = PAPhotoBrowerUITests;
			sourceTree = "<group>";
		};
		9946963C1C07E58A00333CC7 /* PAPhotoBrowser */ = {
			isa = PBXGroup;
			children = (
				9946963D1C07E59800333CC7 /* ViewController */,
				9946963E1C07E5A000333CC7 /* Cell */,
				9946963F1C07E5A800333CC7 /* Model */,
				994696621C07EBC200333CC7 /* Helper */,
				994696521C07E94C00333CC7 /* Resource */,
			);
			name = PAPhotoBrowser;
			sourceTree = "<group>";
		};
		9946963D1C07E59800333CC7 /* ViewController */ = {
			isa = PBXGroup;
			children = (
				994696401C07E5C700333CC7 /* PAImagePickerController.h */,
				994696411C07E5C700333CC7 /* PAImagePickerController.m */,
				994696421C07E5C700333CC7 /* PAImagePickerGroupController.h */,
				994696431C07E5C700333CC7 /* PAImagePickerGroupController.m */,
				994696461C07E5CF00333CC7 /* PAImagePickerPreviewViewController.h */,
				994696471C07E5CF00333CC7 /* PAImagePickerPreviewViewController.m */,
				DA4D61991C3A552700AD97EC /* PAActionSheet.h */,
				DA4D619A1C3A552700AD97EC /* PAActionSheet.m */,
				DA4D619B1C3A552800AD97EC /* PAFetchImges.h */,
				DA4D619C1C3A552800AD97EC /* PAFetchImges.m */,
				DA4D619D1C3A552800AD97EC /* PAPreviewImageCollectionViewCell.h */,
				DA4D619E1C3A552800AD97EC /* PAPreviewImageCollectionViewCell.m */,
			);
			name = ViewController;
			sourceTree = "<group>";
		};
		9946963E1C07E5A000333CC7 /* Cell */ = {
			isa = PBXGroup;
			children = (
				9946964C1C07E5F300333CC7 /* PAImagePickerCell.h */,
				9946964D1C07E5F300333CC7 /* PAImagePickerCell.m */,
				9946964E1C07E5F300333CC7 /* PAImagePickerTakePhotoCell.h */,
				9946964F1C07E5F300333CC7 /* PAImagePickerTakePhotoCell.m */,
				994696491C07E5E700333CC7 /* PAImagePickerPreviewCell.h */,
				9946964A1C07E5E700333CC7 /* PAImagePickerPreviewCell.m */,
				FC4EB6DA1C18278700A81B01 /* PATapImageView.h */,
				FC4EB6DB1C18278700A81B01 /* PATapImageView.m */,
				FC4EB6DD1C18283200A81B01 /* PATapView.h */,
				FC4EB6DE1C18283200A81B01 /* PATapView.m */,
				FC4EB6E01C1828A600A81B01 /* PAZoomingScrollView.h */,
				FC4EB6E11C1828A600A81B01 /* PAZoomingScrollView.m */,
			);
			name = Cell;
			sourceTree = "<group>";
		};
		9946963F1C07E5A800333CC7 /* Model */ = {
			isa = PBXGroup;
			children = (
			);
			name = Model;
			sourceTree = "<group>";
		};
		994696521C07E94C00333CC7 /* Resource */ = {
			isa = PBXGroup;
			children = (
				994696531C07E95400333CC7 /* Image */,
			);
			name = Resource;
			sourceTree = "<group>";
		};
		994696531C07E95400333CC7 /* Image */ = {
			isa = PBXGroup;
			children = (
				9946965A1C07EAE100333CC7 /* photo_localSelected_tag@3x.png */,
				9946965B1C07EAE100333CC7 /* photo_localSelected_camera@3x.png */,
				9946965E1C07EAF300333CC7 /* photo_localUnselected_tag@3x.png */,
				994696601C07EB1D00333CC7 /* icon_back@3x.png */,
			);
			name = Image;
			sourceTree = "<group>";
		};
		994696621C07EBC200333CC7 /* Helper */ = {
			isa = PBXGroup;
			children = (
				9946966E1C082DE800333CC7 /* PAPhotoBrowserHelper.h */,
				9946966F1C082DE800333CC7 /* PAPhotoBrowserHelper.m */,
			);
			name = Helper;
			sourceTree = "<group>";
		};
		994696631C07EBF700333CC7 /* Demo */ = {
			isa = PBXGroup;
			children = (
				9946960B1C07631A00333CC7 /* AppDelegate.h */,
				9946960C1C07631A00333CC7 /* AppDelegate.m */,
				9946960E1C07631A00333CC7 /* ViewController.h */,
				9946960F1C07631A00333CC7 /* ViewController.m */,
				994696111C07631A00333CC7 /* Main.storyboard */,
				994696141C07631A00333CC7 /* Assets.xcassets */,
				994696161C07631A00333CC7 /* LaunchScreen.storyboard */,
				994696191C07631A00333CC7 /* Info.plist */,
				994696081C07631A00333CC7 /* Supporting Files */,
			);
			name = Demo;
			sourceTree = "<group>";
		};
		9946966D1C07ECF500333CC7 /* Frameworks */ = {
			isa = PBXGroup;
			children = (
				9946966A1C07ECDE00333CC7 /* AVFoundation.framework */,
				994696681C07ECD700333CC7 /* Photos.framework */,
				0FBF5999C5E93E9DD5CFEEDB /* libPods.a */,
			);
			name = Frameworks;
			path = PAPhotoBrower;
			sourceTree = "<group>";
		};
		F1F1FA3155D2F8BBE4C85B24 /* Pods */ = {
			isa = PBXGroup;
			children = (
				08C4DFE3A7E5CFBFC496D9E5 /* Pods.debug.xcconfig */,
				AFC74990D486F9047C6234E4 /* Pods.release.xcconfig */,
			);
			name = Pods;
			sourceTree = "<group>";
		};
/* End PBXGroup section */

/* Begin PBXNativeTarget section */
		994696041C07631A00333CC7 /* PAPhotoBrower */ = {
			isa = PBXNativeTarget;
			buildConfigurationList = 994696321C07631A00333CC7 /* Build configuration list for PBXNativeTarget "PAPhotoBrower" */;
			buildPhases = (
				8C06EE5477F2F5E1BD401A12 /* Check Pods Manifest.lock */,
				994696011C07631A00333CC7 /* Sources */,
				994696021C07631A00333CC7 /* Frameworks */,
				994696031C07631A00333CC7 /* Resources */,
				550A5E46397FCC234EE4DDAF /* Copy Pods Resources */,
			);
			buildRules = (
			);
			dependencies = (
			);
			name = PAPhotoBrower;
			productName = PAPhotoBrower;
			productReference = 994696051C07631A00333CC7 /* PAPhotoBrower.app */;
			productType = "com.apple.product-type.application";
		};
		9946961D1C07631A00333CC7 /* PAPhotoBrowerTests */ = {
			isa = PBXNativeTarget;
			buildConfigurationList = 994696351C07631A00333CC7 /* Build configuration list for PBXNativeTarget "PAPhotoBrowerTests" */;
			buildPhases = (
				9946961A1C07631A00333CC7 /* Sources */,
				9946961B1C07631A00333CC7 /* Frameworks */,
				9946961C1C07631A00333CC7 /* Resources */,
			);
			buildRules = (
			);
			dependencies = (
				994696201C07631A00333CC7 /* PBXTargetDependency */,
			);
			name = PAPhotoBrowerTests;
			productName = PAPhotoBrowerTests;
			productReference = 9946961E1C07631A00333CC7 /* PAPhotoBrowerTests.xctest */;
			productType = "com.apple.product-type.bundle.unit-test";
		};
		994696281C07631A00333CC7 /* PAPhotoBrowerUITests */ = {
			isa = PBXNativeTarget;
			buildConfigurationList = 994696381C07631A00333CC7 /* Build configuration list for PBXNativeTarget "PAPhotoBrowerUITests" */;
			buildPhases = (
				994696251C07631A00333CC7 /* Sources */,
				994696261C07631A00333CC7 /* Frameworks */,
				994696271C07631A00333CC7 /* Resources */,
			);
			buildRules = (
			);
			dependencies = (
				9946962B1C07631A00333CC7 /* PBXTargetDependency */,
			);
			name = PAPhotoBrowerUITests;
			productName = PAPhotoBrowerUITests;
			productReference = 994696291C07631A00333CC7 /* PAPhotoBrowerUITests.xctest */;
			productType = "com.apple.product-type.bundle.ui-testing";
		};
/* End PBXNativeTarget section */

/* Begin PBXProject section */
		994695FD1C07631A00333CC7 /* Project object */ = {
			isa = PBXProject;
			attributes = {
				LastUpgradeCheck = 0710;
				ORGANIZATIONNAME = feiwa;
				TargetAttributes = {
					994696041C07631A00333CC7 = {
						CreatedOnToolsVersion = 7.1;
					};
					9946961D1C07631A00333CC7 = {
						CreatedOnToolsVersion = 7.1;
						TestTargetID = 994696041C07631A00333CC7;
					};
					994696281C07631A00333CC7 = {
						CreatedOnToolsVersion = 7.1;
						TestTargetID = 994696041C07631A00333CC7;
					};
				};
			};
			buildConfigurationList = 994696001C07631A00333CC7 /* Build configuration list for PBXProject "PAPhotoBrower" */;
			compatibilityVersion = "Xcode 3.2";
			developmentRegion = English;
			hasScannedForEncodings = 0;
			knownRegions = (
				en,
				Base,
			);
			mainGroup = 994695FC1C07631A00333CC7;
			productRefGroup = 994696061C07631A00333CC7 /* Products */;
			projectDirPath = "";
			projectRoot = "";
			targets = (
				994696041C07631A00333CC7 /* PAPhotoBrower */,
				9946961D1C07631A00333CC7 /* PAPhotoBrowerTests */,
				994696281C07631A00333CC7 /* PAPhotoBrowerUITests */,
			);
		};
/* End PBXProject section */

/* Begin PBXResourcesBuildPhase section */
		994696031C07631A00333CC7 /* Resources */ = {
			isa = PBXResourcesBuildPhase;
			buildActionMask = 2147483647;
			files = (
				993EFD921C0AA05A00F0CA84 /* video_crop_handle_left@3x.png in Resources */,
				9946965D1C07EAE100333CC7 /* photo_localSelected_camera@3x.png in Resources */,
				993EFDA81C0AA06100F0CA84 /* video_localSelected@3x.png in Resources */,
				993EFDB41C0AA06100F0CA84 /* video_recorder_focus@2x.png in Resources */,
				993EFD941C0AA05A00F0CA84 /* video_localSelected_mask@3x.png in Resources */,
				993EFDB31C0AA06100F0CA84 /* video_play@2x.png in Resources */,
				993EFD8D1C0A9D9A00F0CA84 /* PAVideoRecorderVC.xib in Resources */,
				993EFDAC1C0AA06100F0CA84 /* video_delete@2x.png in Resources */,
				993EFDB01C0AA06100F0CA84 /* video_recorder@2x.png in Resources */,
				993EFDB11C0AA06100F0CA84 /* video_pointToTopArrow@3x.png in Resources */,
				9946965C1C07EAE100333CC7 /* photo_localSelected_tag@3x.png in Resources */,
				993EFDAE1C0AA06100F0CA84 /* videoEncodeLoading@2x.png in Resources */,
				994696181C07631A00333CC7 /* LaunchScreen.storyboard in Resources */,
				993EFDAA1C0AA06100F0CA84 /* video_finish@2x.png in Resources */,
				993EFD711C0A9D2100F0CA84 /* PAVideoHandlerViewController.xib in Resources */,
				994696151C07631A00333CC7 /* Assets.xcassets in Resources */,
				993EFDA91C0AA06100F0CA84 /* video_finish_disable@2x.png in Resources */,
				9946965F1C07EAF300333CC7 /* photo_localUnselected_tag@3x.png in Resources */,
				993EFDB21C0AA06100F0CA84 /* video_recorder_shine@2x.png in Resources */,
				993EFDAD1C0AA06100F0CA84 /* video_delete_disable@2x.png in Resources */,
				993EFDA71C0AA06100F0CA84 /* video_flash_on@2x.png in Resources */,
				993EFDA51C0AA06100F0CA84 /* video_camera@2x.png in Resources */,
				994696611C07EB1D00333CC7 /* icon_back@3x.png in Resources */,
				993EFDAF1C0AA06100F0CA84 /* video_pointToBottomArrow@3x.png in Resources */,
				993EFD931C0AA05A00F0CA84 /* video_crop_handle_right@3x.png in Resources */,
				994696131C07631A00333CC7 /* Main.storyboard in Resources */,
				993EFDA61C0AA06100F0CA84 /* video_flash@2x.png in Resources */,
				9960B8261C0C889000BCE1B0 /* video_switch@3x.png in Resources */,
				993EFDAB1C0AA06100F0CA84 /* video_close@2x.png in Resources */,
			);
			runOnlyForDeploymentPostprocessing = 0;
		};
		9946961C1C07631A00333CC7 /* Resources */ = {
			isa = PBXResourcesBuildPhase;
			buildActionMask = 2147483647;
			files = (
			);
			runOnlyForDeploymentPostprocessing = 0;
		};
		994696271C07631A00333CC7 /* Resources */ = {
			isa = PBXResourcesBuildPhase;
			buildActionMask = 2147483647;
			files = (
			);
			runOnlyForDeploymentPostprocessing = 0;
		};
/* End PBXResourcesBuildPhase section */

/* Begin PBXShellScriptBuildPhase section */
		550A5E46397FCC234EE4DDAF /* Copy Pods Resources */ = {
			isa = PBXShellScriptBuildPhase;
			buildActionMask = 2147483647;
			files = (
			);
			inputPaths = (
			);
			name = "Copy Pods Resources";
			outputPaths = (
			);
			runOnlyForDeploymentPostprocessing = 0;
			shellPath = /bin/sh;
			shellScript = "\"${SRCROOT}/Pods/Target Support Files/Pods/Pods-resources.sh\"\n";
			showEnvVarsInLog = 0;
		};
		8C06EE5477F2F5E1BD401A12 /* Check Pods Manifest.lock */ = {
			isa = PBXShellScriptBuildPhase;
			buildActionMask = 2147483647;
			files = (
			);
			inputPaths = (
			);
			name = "Check Pods Manifest.lock";
			outputPaths = (
			);
			runOnlyForDeploymentPostprocessing = 0;
			shellPath = /bin/sh;
			shellScript = "diff \"${PODS_ROOT}/../Podfile.lock\" \"${PODS_ROOT}/Manifest.lock\" > /dev/null\nif [[ $? != 0 ]] ; then\n    cat << EOM\nerror: The sandbox is not in sync with the Podfile.lock. Run 'pod install' or update your CocoaPods installation.\nEOM\n    exit 1\nfi\n";
			showEnvVarsInLog = 0;
		};
/* End PBXShellScriptBuildPhase section */

/* Begin PBXSourcesBuildPhase section */
		994696011C07631A00333CC7 /* Sources */ = {
			isa = PBXSourcesBuildPhase;
			buildActionMask = 2147483647;
			files = (
				DA4D619F1C3A552800AD97EC /* PAActionSheet.m in Sources */,
				993EFD761C0A9D2D00F0CA84 /* PAVideoCropHanderView.m in Sources */,
				994696481C07E5CF00333CC7 /* PAImagePickerPreviewViewController.m in Sources */,
				994696451C07E5C700333CC7 /* PAImagePickerGroupController.m in Sources */,
				FC4EB6DC1C18278700A81B01 /* PATapImageView.m in Sources */,
				994696701C082DE800333CC7 /* PAPhotoBrowserHelper.m in Sources */,
				FC4EB6DF1C18283200A81B01 /* PATapView.m in Sources */,
				FC4EB6E21C1828A600A81B01 /* PAZoomingScrollView.m in Sources */,
				994696501C07E5F300333CC7 /* PAImagePickerCell.m in Sources */,
				993EFD801C0A9D7200F0CA84 /* SDAVAssetExportSession.m in Sources */,
				993EFDBB1C0AA61400F0CA84 /* TKProgressBarView.m in Sources */,
				994696441C07E5C700333CC7 /* PAImagePickerController.m in Sources */,
				993EFDB81C0AA5CB00F0CA84 /* QBImageLoadingProgressBar.m in Sources */,
				994696101C07631A00333CC7 /* ViewController.m in Sources */,
				9946964B1C07E5E700333CC7 /* PAImagePickerPreviewCell.m in Sources */,
				993EFD771C0A9D2D00F0CA84 /* PAVideoCropView.m in Sources */,
				DA4D61A11C3A552800AD97EC /* PAPreviewImageCollectionViewCell.m in Sources */,
				993EFD8C1C0A9D9A00F0CA84 /* PAVideoRecorderVC.m in Sources */,
				DA4D61A01C3A552800AD97EC /* PAFetchImges.m in Sources */,
				993EFD811C0A9D7200F0CA84 /* PAVideoRecorder.m in Sources */,
				993EFD701C0A9D2100F0CA84 /* PAVideoHandlerViewController.m in Sources */,
				9946960D1C07631A00333CC7 /* AppDelegate.m in Sources */,
				993EFD821C0A9D7200F0CA84 /* PAVideoRecorderHelper.m in Sources */,
				994696511C07E5F300333CC7 /* PAImagePickerTakePhotoCell.m in Sources */,
				9946960A1C07631A00333CC7 /* main.m in Sources */,
			);
			runOnlyForDeploymentPostprocessing = 0;
		};
		9946961A1C07631A00333CC7 /* Sources */ = {
			isa = PBXSourcesBuildPhase;
			buildActionMask = 2147483647;
			files = (
				994696231C07631A00333CC7 /* PAPhotoBrowerTests.m in Sources */,
			);
			runOnlyForDeploymentPostprocessing = 0;
		};
		994696251C07631A00333CC7 /* Sources */ = {
			isa = PBXSourcesBuildPhase;
			buildActionMask = 2147483647;
			files = (
				9946962E1C07631A00333CC7 /* PAPhotoBrowerUITests.m in Sources */,
			);
			runOnlyForDeploymentPostprocessing = 0;
		};
/* End PBXSourcesBuildPhase section */

/* Begin PBXTargetDependency section */
		994696201C07631A00333CC7 /* PBXTargetDependency */ = {
			isa = PBXTargetDependency;
			target = 994696041C07631A00333CC7 /* PAPhotoBrower */;
			targetProxy = 9946961F1C07631A00333CC7 /* PBXContainerItemProxy */;
		};
		9946962B1C07631A00333CC7 /* PBXTargetDependency */ = {
			isa = PBXTargetDependency;
			target = 994696041C07631A00333CC7 /* PAPhotoBrower */;
			targetProxy = 9946962A1C07631A00333CC7 /* PBXContainerItemProxy */;
		};
/* End PBXTargetDependency section */

/* Begin PBXVariantGroup section */
		994696111C07631A00333CC7 /* Main.storyboard */ = {
			isa = PBXVariantGroup;
			children = (
				994696121C07631A00333CC7 /* Base */,
			);
			name = Main.storyboard;
			sourceTree = "<group>";
		};
		994696161C07631A00333CC7 /* LaunchScreen.storyboard */ = {
			isa = PBXVariantGroup;
			children = (
				994696171C07631A00333CC7 /* Base */,
			);
			name = LaunchScreen.storyboard;
			sourceTree = "<group>";
		};
/* End PBXVariantGroup section */

/* Begin XCBuildConfiguration section */
		994696301C07631A00333CC7 /* Debug */ = {
			isa = XCBuildConfiguration;
			buildSettings = {
				ALWAYS_SEARCH_USER_PATHS = NO;
				CLANG_CXX_LANGUAGE_STANDARD = "gnu++0x";
				CLANG_CXX_LIBRARY = "libc++";
				CLANG_ENABLE_MODULES = YES;
				CLANG_ENABLE_OBJC_ARC = YES;
				CLANG_WARN_BOOL_CONVERSION = YES;
				CLANG_WARN_CONSTANT_CONVERSION = YES;
				CLANG_WARN_DIRECT_OBJC_ISA_USAGE = YES_ERROR;
				CLANG_WARN_EMPTY_BODY = YES;
				CLANG_WARN_ENUM_CONVERSION = YES;
				CLANG_WARN_INT_CONVERSION = YES;
				CLANG_WARN_OBJC_ROOT_CLASS = YES_ERROR;
				CLANG_WARN_UNREACHABLE_CODE = YES;
				CLANG_WARN__DUPLICATE_METHOD_MATCH = YES;
				"CODE_SIGN_IDENTITY[sdk=iphoneos*]" = "iPhone Developer";
				COPY_PHASE_STRIP = NO;
				DEBUG_INFORMATION_FORMAT = dwarf;
				ENABLE_STRICT_OBJC_MSGSEND = YES;
				ENABLE_TESTABILITY = YES;
				GCC_C_LANGUAGE_STANDARD = gnu99;
				GCC_DYNAMIC_NO_PIC = NO;
				GCC_NO_COMMON_BLOCKS = YES;
				GCC_OPTIMIZATION_LEVEL = 0;
				GCC_PREPROCESSOR_DEFINITIONS = (
					"DEBUG=1",
					"$(inherited)",
				);
				GCC_WARN_64_TO_32_BIT_CONVERSION = YES;
				GCC_WARN_ABOUT_RETURN_TYPE = YES_ERROR;
				GCC_WARN_UNDECLARED_SELECTOR = YES;
				GCC_WARN_UNINITIALIZED_AUTOS = YES_AGGRESSIVE;
				GCC_WARN_UNUSED_FUNCTION = YES;
				GCC_WARN_UNUSED_VARIABLE = YES;
				IPHONEOS_DEPLOYMENT_TARGET = 6.0;
				MTL_ENABLE_DEBUG_INFO = YES;
				ONLY_ACTIVE_ARCH = NO;
				SDKROOT = iphoneos;
			};
			name = Debug;
		};
		994696311C07631A00333CC7 /* Release */ = {
			isa = XCBuildConfiguration;
			buildSettings = {
				ALWAYS_SEARCH_USER_PATHS = NO;
				CLANG_CXX_LANGUAGE_STANDARD = "gnu++0x";
				CLANG_CXX_LIBRARY = "libc++";
				CLANG_ENABLE_MODULES = YES;
				CLANG_ENABLE_OBJC_ARC = YES;
				CLANG_WARN_BOOL_CONVERSION = YES;
				CLANG_WARN_CONSTANT_CONVERSION = YES;
				CLANG_WARN_DIRECT_OBJC_ISA_USAGE = YES_ERROR;
				CLANG_WARN_EMPTY_BODY = YES;
				CLANG_WARN_ENUM_CONVERSION = YES;
				CLANG_WARN_INT_CONVERSION = YES;
				CLANG_WARN_OBJC_ROOT_CLASS = YES_ERROR;
				CLANG_WARN_UNREACHABLE_CODE = YES;
				CLANG_WARN__DUPLICATE_METHOD_MATCH = YES;
				"CODE_SIGN_IDENTITY[sdk=iphoneos*]" = "iPhone Developer";
				COPY_PHASE_STRIP = NO;
				DEBUG_INFORMATION_FORMAT = "dwarf-with-dsym";
				ENABLE_NS_ASSERTIONS = NO;
				ENABLE_STRICT_OBJC_MSGSEND = YES;
				GCC_C_LANGUAGE_STANDARD = gnu99;
				GCC_NO_COMMON_BLOCKS = YES;
				GCC_WARN_64_TO_32_BIT_CONVERSION = YES;
				GCC_WARN_ABOUT_RETURN_TYPE = YES_ERROR;
				GCC_WARN_UNDECLARED_SELECTOR = YES;
				GCC_WARN_UNINITIALIZED_AUTOS = YES_AGGRESSIVE;
				GCC_WARN_UNUSED_FUNCTION = YES;
				GCC_WARN_UNUSED_VARIABLE = YES;
				IPHONEOS_DEPLOYMENT_TARGET = 6.0;
				MTL_ENABLE_DEBUG_INFO = NO;
				ONLY_ACTIVE_ARCH = NO;
				SDKROOT = iphoneos;
				VALIDATE_PRODUCT = YES;
			};
			name = Release;
		};
		994696331C07631A00333CC7 /* Debug */ = {
			isa = XCBuildConfiguration;
			baseConfigurationReference = 08C4DFE3A7E5CFBFC496D9E5 /* Pods.debug.xcconfig */;
			buildSettings = {
				ASSETCATALOG_COMPILER_APPICON_NAME = AppIcon;
				FRAMEWORK_SEARCH_PATHS = (
					"$(inherited)",
					"$(PROJECT_DIR)/PAPhotoBrower",
				);
				INFOPLIST_FILE = PAPhotoBrower/Info.plist;
				IPHONEOS_DEPLOYMENT_TARGET = 6.0;
				LD_RUNPATH_SEARCH_PATHS = "$(inherited) @executable_path/Frameworks";
				PRODUCT_BUNDLE_IDENTIFIER = com.feiwa.PAPhotoBrower;
				PRODUCT_NAME = "$(TARGET_NAME)";
			};
			name = Debug;
		};
		994696341C07631A00333CC7 /* Release */ = {
			isa = XCBuildConfiguration;
			baseConfigurationReference = AFC74990D486F9047C6234E4 /* Pods.release.xcconfig */;
			buildSettings = {
				ASSETCATALOG_COMPILER_APPICON_NAME = AppIcon;
				FRAMEWORK_SEARCH_PATHS = (
					"$(inherited)",
					"$(PROJECT_DIR)/PAPhotoBrower",
				);
				INFOPLIST_FILE = PAPhotoBrower/Info.plist;
				IPHONEOS_DEPLOYMENT_TARGET = 6.0;
				LD_RUNPATH_SEARCH_PATHS = "$(inherited) @executable_path/Frameworks";
				PRODUCT_BUNDLE_IDENTIFIER = com.feiwa.PAPhotoBrower;
				PRODUCT_NAME = "$(TARGET_NAME)";
			};
			name = Release;
		};
		994696361C07631A00333CC7 /* Debug */ = {
			isa = XCBuildConfiguration;
			buildSettings = {
				BUNDLE_LOADER = "$(TEST_HOST)";
				INFOPLIST_FILE = PAPhotoBrowerTests/Info.plist;
				LD_RUNPATH_SEARCH_PATHS = "$(inherited) @executable_path/Frameworks @loader_path/Frameworks";
				PRODUCT_BUNDLE_IDENTIFIER = com.feiwa.PAPhotoBrowerTests;
				PRODUCT_NAME = "$(TARGET_NAME)";
				TEST_HOST = "$(BUILT_PRODUCTS_DIR)/PAPhotoBrower.app/PAPhotoBrower";
			};
			name = Debug;
		};
		994696371C07631A00333CC7 /* Release */ = {
			isa = XCBuildConfiguration;
			buildSettings = {
				BUNDLE_LOADER = "$(TEST_HOST)";
				INFOPLIST_FILE = PAPhotoBrowerTests/Info.plist;
				LD_RUNPATH_SEARCH_PATHS = "$(inherited) @executable_path/Frameworks @loader_path/Frameworks";
				PRODUCT_BUNDLE_IDENTIFIER = com.feiwa.PAPhotoBrowerTests;
				PRODUCT_NAME = "$(TARGET_NAME)";
				TEST_HOST = "$(BUILT_PRODUCTS_DIR)/PAPhotoBrower.app/PAPhotoBrower";
			};
			name = Release;
		};
		994696391C07631A00333CC7 /* Debug */ = {
			isa = XCBuildConfiguration;
			buildSettings = {
				INFOPLIST_FILE = PAPhotoBrowerUITests/Info.plist;
				LD_RUNPATH_SEARCH_PATHS = "$(inherited) @executable_path/Frameworks @loader_path/Frameworks";
				PRODUCT_BUNDLE_IDENTIFIER = com.feiwa.PAPhotoBrowerUITests;
				PRODUCT_NAME = "$(TARGET_NAME)";
				TEST_TARGET_NAME = PAPhotoBrower;
				USES_XCTRUNNER = YES;
			};
			name = Debug;
		};
		9946963A1C07631A00333CC7 /* Release */ = {
			isa = XCBuildConfiguration;
			buildSettings = {
				INFOPLIST_FILE = PAPhotoBrowerUITests/Info.plist;
				LD_RUNPATH_SEARCH_PATHS = "$(inherited) @executable_path/Frameworks @loader_path/Frameworks";
				PRODUCT_BUNDLE_IDENTIFIER = com.feiwa.PAPhotoBrowerUITests;
				PRODUCT_NAME = "$(TARGET_NAME)";
				TEST_TARGET_NAME = PAPhotoBrower;
				USES_XCTRUNNER = YES;
			};
			name = Release;
		};
/* End XCBuildConfiguration section */

/* Begin XCConfigurationList section */
		994696001C07631A00333CC7 /* Build configuration list for PBXProject "PAPhotoBrower" */ = {
			isa = XCConfigurationList;
			buildConfigurations = (
				994696301C07631A00333CC7 /* Debug */,
				994696311C07631A00333CC7 /* Release */,
			);
			defaultConfigurationIsVisible = 0;
			defaultConfigurationName = Release;
		};
		994696321C07631A00333CC7 /* Build configuration list for PBXNativeTarget "PAPhotoBrower" */ = {
			isa = XCConfigurationList;
			buildConfigurations = (
				994696331C07631A00333CC7 /* Debug */,
				994696341C07631A00333CC7 /* Release */,
			);
			defaultConfigurationIsVisible = 0;
			defaultConfigurationName = Release;
		};
		994696351C07631A00333CC7 /* Build configuration list for PBXNativeTarget "PAPhotoBrowerTests" */ = {
			isa = XCConfigurationList;
			buildConfigurations = (
				994696361C07631A00333CC7 /* Debug */,
				994696371C07631A00333CC7 /* Release */,
			);
			defaultConfigurationIsVisible = 0;
			defaultConfigurationName = Release;
		};
		994696381C07631A00333CC7 /* Build configuration list for PBXNativeTarget "PAPhotoBrowerUITests" */ = {
			isa = XCConfigurationList;
			buildConfigurations = (
				994696391C07631A00333CC7 /* Debug */,
				9946963A1C07631A00333CC7 /* Release */,
			);
			defaultConfigurationIsVisible = 0;
			defaultConfigurationName = Release;
		};
/* End XCConfigurationList section */
	};
	rootObject = 994695FD1C07631A00333CC7 /* Project object */;
}
